PODS:
  - app_group_directory (1.0.0):
    - Flutter
  - Flutter (1.0.0)
  - flutter_native_image (0.0.1):
    - Flutter
  - live_activities (0.0.1):
    - Flutter
  - path_provider_foundation (0.0.1):
    - Flutter
    - FlutterMacOS

DEPENDENCIES:
  - app_group_directory (from `.symlinks/plugins/app_group_directory/ios`)
  - Flutter (from `Flutter`)
  - flutter_native_image (from `.symlinks/plugins/flutter_native_image/ios`)
  - live_activities (from `.symlinks/plugins/live_activities/ios`)
  - path_provider_foundation (from `.symlinks/plugins/path_provider_foundation/darwin`)

EXTERNAL SOURCES:
  app_group_directory:
    :path: ".symlinks/plugins/app_group_directory/ios"
  Flutter:
    :path: Flutter
  flutter_native_image:
    :path: ".symlinks/plugins/flutter_native_image/ios"
  live_activities:
    :path: ".symlinks/plugins/live_activities/ios"
  path_provider_foundation:
    :path: ".symlinks/plugins/path_provider_foundation/darwin"

SPEC CHECKSUMS:
  app_group_directory: 7bf9f8f9819ead554de29da7c25fb7a680d6a9a0
  Flutter: e0871f40cf51350855a761d2e70bf5af5b9b5de7
  flutter_native_image: 9c0b7451838484458e5b0fae007b86a4c2d4bdfe
  live_activities: 9ff56a06a2d43ecd68f56deeed13b18a8304789c
  path_provider_foundation: 2b6b4c569c0fb62ec74538f866245ac84301af46

PODFILE CHECKSUM: c4c93c5f6502fe2754f48404d3594bf779584011

COCOAPODS: 1.15.2
